// !$*UTF8*$!
{
	archiveVersion = 1;
	classes = {
	};
	objectVersion = 46;
	objects = {

/* Begin PBXBuildFile section */
		0F910C041739F3570093A621 /* UIKit.framework in Frameworks */ = {isa = PBXBuildFile; fileRef = 0F910C031739F3570093A621 /* UIKit.framework */; };
		0F910C061739F3570093A621 /* Foundation.framework in Frameworks */ = {isa = PBXBuildFile; fileRef = 0F910C051739F3570093A621 /* Foundation.framework */; };
		0F910C081739F3570093A621 /* CoreGraphics.framework in Frameworks */ = {isa = PBXBuildFile; fileRef = 0F910C071739F3570093A621 /* CoreGraphics.framework */; };
		0F910C0E1739F3570093A621 /* InfoPlist.strings in Resources */ = {isa = PBXBuildFile; fileRef = 0F910C0C1739F3570093A621 /* InfoPlist.strings */; };
		0F910C101739F3570093A621 /* main.m in Sources */ = {isa = PBXBuildFile; fileRef = 0F910C0F1739F3570093A621 /* main.m */; };
		0F910C141739F3570093A621 /* AppDelegate.m in Sources */ = {isa = PBXBuildFile; fileRef = 0F910C131739F3570093A621 /* AppDelegate.m */; };
		0F910C161739F3570093A621 /* Default.png in Resources */ = {isa = PBXBuildFile; fileRef = 0F910C151739F3570093A621 /* Default.png */; };
		0F910C181739F3570093A621 /* Default@2x.png in Resources */ = {isa = PBXBuildFile; fileRef = 0F910C171739F3570093A621 /* Default@2x.png */; };
		0F910C1A1739F3570093A621 /* Default-568h@2x.png in Resources */ = {isa = PBXBuildFile; fileRef = 0F910C191739F3570093A621 /* Default-568h@2x.png */; };
		0F910C1D1739F3570093A621 /* ViewController.m in Sources */ = {isa = PBXBuildFile; fileRef = 0F910C1C1739F3570093A621 /* ViewController.m */; };
		0F910C201739F3570093A621 /* ViewController.xib in Resources */ = {isa = PBXBuildFile; fileRef = 0F910C1E1739F3570093A621 /* ViewController.xib */; };
		0F910C281739F3A30093A621 /* SecondViewControlViewController.m in Sources */ = {isa = PBXBuildFile; fileRef = 0F910C271739F3A30093A621 /* SecondViewControlViewController.m */; };
		0F910C2B173A31030093A621 /* ThirdViewController.m in Sources */ = {isa = PBXBuildFile; fileRef = 0F910C2A173A31030093A621 /* ThirdViewController.m */; };
		0F910C2E173A40290093A621 /* FourViewController.m in Sources */ = {isa = PBXBuildFile; fileRef = 0F910C2D173A40290093A621 /* FourViewController.m */; };
		0F92C76D173B30BC00D967A4 /* FiveViewController.m in Sources */ = {isa = PBXBuildFile; fileRef = 0F92C76C173B30BC00D967A4 /* FiveViewController.m */; };
/* End PBXBuildFile section */

/* Begin PBXFileReference section */
		0F910C001739F3570093A621 /* view001.app */ = {isa = PBXFileReference; explicitFileType = wrapper.application; includeInIndex = 0; path = view001.app; sourceTree = BUILT_PRODUCTS_DIR; };
		0F910C031739F3570093A621 /* UIKit.framework */ = {isa = PBXFileReference; lastKnownFileType = wrapper.framework; name = UIKit.framework; path = System/Library/Frameworks/UIKit.framework; sourceTree = SDKROOT; };
		0F910C051739F3570093A621 /* Foundation.framework */ = {isa = PBXFileReference; lastKnownFileType = wrapper.framework; name = Foundation.framework; path = System/Library/Frameworks/Foundation.framework; sourceTree = SDKROOT; };
		0F910C071739F3570093A621 /* CoreGraphics.framework */ = {isa = PBXFileReference; lastKnownFileType = wrapper.framework; name = CoreGraphics.framework; path = System/Library/Frameworks/CoreGraphics.framework; sourceTree = SDKROOT; };
		0F910C0B1739F3570093A621 /* view001-Info.plist */ = {isa = PBXFileReference; lastKnownFileType = text.plist.xml; path = "view001-Info.plist"; sourceTree = "<group>"; };
		0F910C0D1739F3570093A621 /* en */ = {isa = PBXFileReference; lastKnownFileType = text.plist.strings; name = en; path = en.lproj/InfoPlist.strings; sourceTree = "<group>"; };
		0F910C0F1739F3570093A621 /* main.m */ = {isa = PBXFileReference; lastKnownFileType = sourcecode.c.objc; path = main.m; sourceTree = "<group>"; };
		0F910C111739F3570093A621 /* view001-Prefix.pch */ = {isa = PBXFileReference; lastKnownFileType = sourcecode.c.h; path = "view001-Prefix.pch"; sourceTree = "<group>"; };
		0F910C121739F3570093A621 /* AppDelegate.h */ = {isa = PBXFileReference; lastKnownFileType = sourcecode.c.h; path = AppDelegate.h; sourceTree = "<group>"; };
		0F910C131739F3570093A621 /* AppDelegate.m */ = {isa = PBXFileReference; lastKnownFileType = sourcecode.c.objc; path = AppDelegate.m; sourceTree = "<group>"; };
		0F910C151739F3570093A621 /* Default.png */ = {isa = PBXFileReference; lastKnownFileType = image.png; path = Default.png; sourceTree = "<group>"; };
		0F910C171739F3570093A621 /* Default@2x.png */ = {isa = PBXFileReference; lastKnownFileType = image.png; path = "Default@2x.png"; sourceTree = "<group>"; };
		0F910C191739F3570093A621 /* Default-568h@2x.png */ = {isa = PBXFileReference; lastKnownFileType = image.png; path = "Default-568h@2x.png"; sourceTree = "<group>"; };
		0F910C1B1739F3570093A621 /* ViewController.h */ = {isa = PBXFileReference; lastKnownFileType = sourcecode.c.h; path = ViewController.h; sourceTree = "<group>"; };
		0F910C1C1739F3570093A621 /* ViewController.m */ = {isa = PBXFileReference; lastKnownFileType = sourcecode.c.objc; path = ViewController.m; sourceTree = "<group>"; };
		0F910C1F1739F3570093A621 /* en */ = {isa = PBXFileReference; lastKnownFileType = file.xib; name = en; path = en.lproj/ViewController.xib; sourceTree = "<group>"; };
		0F910C261739F3A30093A621 /* SecondViewControlViewController.h */ = {isa = PBXFileReference; fileEncoding = 4; lastKnownFileType = sourcecode.c.h; path = SecondViewControlViewController.h; sourceTree = "<group>"; };
		0F910C271739F3A30093A621 /* SecondViewControlViewController.m */ = {isa = PBXFileReference; fileEncoding = 4; lastKnownFileType = sourcecode.c.objc; path = SecondViewControlViewController.m; sourceTree = "<group>"; };
		0F910C29173A31030093A621 /* ThirdViewController.h */ = {isa = PBXFileReference; fileEncoding = 4; lastKnownFileType = sourcecode.c.h; path = ThirdViewController.h; sourceTree = "<group>"; };
		0F910C2A173A31030093A621 /* ThirdViewController.m */ = {isa = PBXFileReference; fileEncoding = 4; lastKnownFileType = sourcecode.c.objc; path = ThirdViewController.m; sourceTree = "<group>"; };
		0F910C2C173A40290093A621 /* FourViewController.h */ = {isa = PBXFileReference; fileEncoding = 4; lastKnownFileType = sourcecode.c.h; path = FourViewController.h; sourceTree = "<group>"; };
		0F910C2D173A40290093A621 /* FourViewController.m */ = {isa = PBXFileReference; fileEncoding = 4; lastKnownFileType = sourcecode.c.objc; path = FourViewController.m; sourceTree = "<group>"; };
		0F92C76B173B30BC00D967A4 /* FiveViewController.h */ = {isa = PBXFileReference; fileEncoding = 4; lastKnownFileType = sourcecode.c.h; path = FiveViewController.h; sourceTree = "<group>"; };
		0F92C76C173B30BC00D967A4 /* FiveViewController.m */ = {isa = PBXFileReference; fileEncoding = 4; lastKnownFileType = sourcecode.c.objc; path = FiveViewController.m; sourceTree = "<group>"; };
/* End PBXFileReference section */

/* Begin PBXFrameworksBuildPhase section */
		0F910BFD1739F3570093A621 /* Frameworks */ = {
			isa = PBXFrameworksBuildPhase;
			buildActionMask = 2147483647;
			files = (
				0F910C041739F3570093A621 /* UIKit.framework in Frameworks */,
				0F910C061739F3570093A621 /* Foundation.framework in Frameworks */,
				0F910C081739F3570093A621 /* CoreGraphics.framework in Frameworks */,
			);
			runOnlyForDeploymentPostprocessing = 0;
		};
/* End PBXFrameworksBuildPhase section */

/* Begin PBXGroup section */
		0F910BF71739F3530093A621 = {
			isa = PBXGroup;
			children = (
				0F910C091739F3570093A621 /* view001 */,
				0F910C021739F3570093A621 /* Frameworks */,
				0F910C011739F3570093A621 /* Products */,
			);
			sourceTree = "<group>";
		};
		0F910C011739F3570093A621 /* Products */ = {
			isa = PBXGroup;
			children = (
				0F910C001739F3570093A621 /* view001.app */,
			);
			name = Products;
			sourceTree = "<group>";
		};
		0F910C021739F3570093A621 /* Frameworks */ = {
			isa = PBXGroup;
			children = (
				0F910C031739F3570093A621 /* UIKit.framework */,
				0F910C051739F3570093A621 /* Foundation.framework */,
				0F910C071739F3570093A621 /* CoreGraphics.framework */,
			);
			name = Frameworks;
			sourceTree = "<group>";
		};
		0F910C091739F3570093A621 /* view001 */ = {
			isa = PBXGroup;
			children = (
				0F910C121739F3570093A621 /* AppDelegate.h */,
				0F910C131739F3570093A621 /* AppDelegate.m */,
				0F910C1B1739F3570093A621 /* ViewController.h */,
				0F910C1C1739F3570093A621 /* ViewController.m */,
				0F910C261739F3A30093A621 /* SecondViewControlViewController.h */,
				0F910C271739F3A30093A621 /* SecondViewControlViewController.m */,
				0F910C29173A31030093A621 /* ThirdViewController.h */,
				0F910C2A173A31030093A621 /* ThirdViewController.m */,
				0F910C2C173A40290093A621 /* FourViewController.h */,
				0F910C2D173A40290093A621 /* FourViewController.m */,
				0F92C76B173B30BC00D967A4 /* FiveViewController.h */,
				0F92C76C173B30BC00D967A4 /* FiveViewController.m */,
				0F910C1E1739F3570093A621 /* ViewController.xib */,
				0F910C0A1739F3570093A621 /* Supporting Files */,
			);
			path = view001;
			sourceTree = "<group>";
		};
		0F910C0A1739F3570093A621 /* Supporting Files */ = {
			isa = PBXGroup;
			children = (
				0F910C0B1739F3570093A621 /* view001-Info.plist */,
				0F910C0C1739F3570093A621 /* InfoPlist.strings */,
				0F910C0F1739F3570093A621 /* main.m */,
				0F910C111739F3570093A621 /* view001-Prefix.pch */,
				0F910C151739F3570093A621 /* Default.png */,
				0F910C171739F3570093A621 /* Default@2x.png */,
				0F910C191739F3570093A621 /* Default-568h@2x.png */,
			);
			name = "Supporting Files";
			sourceTree = "<group>";
		};
/* End PBXGroup section */

/* Begin PBXNativeTarget section */
		0F910BFF1739F3570093A621 /* view001 */ = {
			isa = PBXNativeTarget;
			buildConfigurationList = 0F910C231739F3570093A621 /* Build configuration list for PBXNativeTarget "view001" */;
			buildPhases = (
				0F910BFC1739F3570093A621 /* Sources */,
				0F910BFD1739F3570093A621 /* Frameworks */,
				0F910BFE1739F3570093A621 /* Resources */,
			);
			buildRules = (
			);
			dependencies = (
			);
			name = view001;
			productName = view001;
			productReference = 0F910C001739F3570093A621 /* view001.app */;
			productType = "com.apple.product-type.application";
		};
/* End PBXNativeTarget section */

/* Begin PBXProject section */
		0F910BF81739F3530093A621 /* Project object */ = {
			isa = PBXProject;
			attributes = {
				LastUpgradeCheck = 0460;
				ORGANIZATIONNAME = ibokan;
			};
			buildConfigurationList = 0F910BFB1739F3530093A621 /* Build configuration list for PBXProject "view001" */;
			compatibilityVersion = "Xcode 3.2";
			developmentRegion = English;
			hasScannedForEncodings = 0;
			knownRegions = (
				en,
			);
			mainGroup = 0F910BF71739F3530093A621;
			productRefGroup = 0F910C011739F3570093A621 /* Products */;
			projectDirPath = "";
			projectRoot = "";
			targets = (
				0F910BFF1739F3570093A621 /* view001 */,
			);
		};
/* End PBXProject section */

/* Begin PBXResourcesBuildPhase section */
		0F910BFE1739F3570093A621 /* Resources */ = {
			isa = PBXResourcesBuildPhase;
			buildActionMask = 2147483647;
			files = (
				0F910C0E1739F3570093A621 /* InfoPlist.strings in Resources */,
				0F910C161739F3570093A621 /* Default.png in Resources */,
				0F910C181739F3570093A621 /* Default@2x.png in Resources */,
				0F910C1A1739F3570093A621 /* Default-568h@2x.png in Resources */,
				0F910C201739F3570093A621 /* ViewController.xib in Resources */,
			);
			runOnlyForDeploymentPostprocessing = 0;
		};
/* End PBXResourcesBuildPhase section */

/* Begin PBXSourcesBuildPhase section */
		0F910BFC1739F3570093A621 /* Sources */ = {
			isa = PBXSourcesBuildPhase;
			buildActionMask = 2147483647;
			files = (
				0F910C101739F3570093A621 /* main.m in Sources */,
				0F910C141739F3570093A621 /* AppDelegate.m in Sources */,
				0F910C1D1739F3570093A621 /* ViewController.m in Sources */,
				0F910C281739F3A30093A621 /* SecondViewControlViewController.m in Sources */,
				0F910C2B173A31030093A621 /* ThirdViewController.m in Sources */,
				0F910C2E173A40290093A621 /* FourViewController.m in Sources */,
				0F92C76D173B30BC00D967A4 /* FiveViewController.m in Sources */,
			);
			runOnlyForDeploymentPostprocessing = 0;
		};
/* End PBXSourcesBuildPhase section */

/* Begin PBXVariantGroup section */
		0F910C0C1739F3570093A621 /* InfoPlist.strings */ = {
			isa = PBXVariantGroup;
			children = (
				0F910C0D1739F3570093A621 /* en */,
			);
			name = InfoPlist.strings;
			sourceTree = "<group>";
		};
		0F910C1E1739F3570093A621 /* ViewController.xib */ = {
			isa = PBXVariantGroup;
			children = (
				0F910C1F1739F3570093A621 /* en */,
			);
			name = ViewController.xib;
			sourceTree = "<group>";
		};
/* End PBXVariantGroup section */

/* Begin XCBuildConfiguration section */
		0F910C211739F3570093A621 /* Debug */ = {
			isa = XCBuildConfiguration;
			buildSettings = {
				ALWAYS_SEARCH_USER_PATHS = NO;
				CLANG_CXX_LANGUAGE_STANDARD = "gnu++0x";
				CLANG_CXX_LIBRARY = "libc++";
				CLANG_WARN_CONSTANT_CONVERSION = YES;
				CLANG_WARN_EMPTY_BODY = YES;
				CLANG_WARN_ENUM_CONVERSION = YES;
				CLANG_WARN_INT_CONVERSION = YES;
				CLANG_WARN__DUPLICATE_METHOD_MATCH = YES;
				"CODE_SIGN_IDENTITY[sdk=iphoneos*]" = "iPhone Developer";
				COPY_PHASE_STRIP = NO;
				GCC_C_LANGUAGE_STANDARD = gnu99;
				GCC_DYNAMIC_NO_PIC = NO;
				GCC_OPTIMIZATION_LEVEL = 0;
				GCC_PREPROCESSOR_DEFINITIONS = (
					"DEBUG=1",
					"$(inherited)",
				);
				GCC_SYMBOLS_PRIVATE_EXTERN = NO;
				GCC_WARN_ABOUT_RETURN_TYPE = YES;
				GCC_WARN_UNINITIALIZED_AUTOS = YES;
				GCC_WARN_UNUSED_VARIABLE = YES;
				IPHONEOS_DEPLOYMENT_TARGET = 6.1;
				ONLY_ACTIVE_ARCH = YES;
				SDKROOT = iphoneos;
			};
			name = Debug;
		};
		0F910C221739F3570093A621 /* Release */ = {
			isa = XCBuildConfiguration;
			buildSettings = {
				ALWAYS_SEARCH_USER_PATHS = NO;
				CLANG_CXX_LANGUAGE_STANDARD = "gnu++0x";
				CLANG_CXX_LIBRARY = "libc++";
				CLANG_WARN_CONSTANT_CONVERSION = YES;
				CLANG_WARN_EMPTY_BODY = YES;
				CLANG_WARN_ENUM_CONVERSION = YES;
				CLANG_WARN_INT_CONVERSION = YES;
				CLANG_WARN__DUPLICATE_METHOD_MATCH = YES;
				"CODE_SIGN_IDENTITY[sdk=iphoneos*]" = "iPhone Developer";
				COPY_PHASE_STRIP = YES;
				GCC_C_LANGUAGE_STANDARD = gnu99;
				GCC_WARN_ABOUT_RETURN_TYPE = YES;
				GCC_WARN_UNINITIALIZED_AUTOS = YES;
				GCC_WARN_UNUSED_VARIABLE = YES;
				IPHONEOS_DEPLOYMENT_TARGET = 6.1;
				OTHER_CFLAGS = "-DNS_BLOCK_ASSERTIONS=1";
				SDKROOT = iphoneos;
				VALIDATE_PRODUCT = YES;
			};
			name = Release;
		};
		0F910C241739F3570093A621 /* Debug */ = {
			isa = XCBuildConfiguration;
			buildSettings = {
				GCC_PRECOMPILE_PREFIX_HEADER = YES;
				GCC_PREFIX_HEADER = "view001/view001-Prefix.pch";
				INFOPLIST_FILE = "view001/view001-Info.plist";
				PRODUCT_NAME = "$(TARGET_NAME)";
				WRAPPER_EXTENSION = app;
			};
			name = Debug;
		};
		0F910C251739F3570093A621 /* Release */ = {
			isa = XCBuildConfiguration;
			buildSettings = {
				GCC_PRECOMPILE_PREFIX_HEADER = YES;
				GCC_PREFIX_HEADER = "view001/view001-Prefix.pch";
				INFOPLIST_FILE = "view001/view001-Info.plist";
				PRODUCT_NAME = "$(TARGET_NAME)";
				WRAPPER_EXTENSION = app;
			};
			name = Release;
		};
/* End XCBuildConfiguration section */

/* Begin XCConfigurationList section */
		0F910BFB1739F3530093A621 /* Build configuration list for PBXProject "view001" */ = {
			isa = XCConfigurationList;
			buildConfigurations = (
				0F910C211739F3570093A621 /* Debug */,
				0F910C221739F3570093A621 /* Release */,
			);
			defaultConfigurationIsVisible = 0;
			defaultConfigurationName = Release;
		};
		0F910C231739F3570093A621 /* Build configuration list for PBXNativeTarget "view001" */ = {
			isa = XCConfigurationList;
			buildConfigurations = (
				0F910C241739F3570093A621 /* Debug */,
				0F910C251739F3570093A621 /* Release */,
			);
			defaultConfigurationIsVisible = 0;
			defaultConfigurationName = Release;
		};
/* End XCConfigurationList section */
	};
	rootObject = 0F910BF81739F3530093A621 /* Project object */;
}
